
Microsoft Visual Studio Solution File, Format Version 12.00
Project("{FAE04EC0-301F-11D3-BF4B-00C04F79EFBC}") = "Blazor.NavigationStack", "Blazor.NavigationStack\Blazor.NavigationStack.csproj", "{C859A4C5-D965-448D-958A-6DF4589DD799}"
EndProject
Project("{FAE04EC0-301F-11D3-BF4B-00C04F79EFBC}") = "Blazor.NavigationStack.TestApp", "Blazor.NavigationStack.TestApp\Blazor.NavigationStack.TestApp.csproj", "{0F0FD715-97AB-4550-BA53-3D0B8DF4A96D}"
EndProject
Global
	GlobalSection(SolutionConfigurationPlatforms) = preSolution
		Debug|Any CPU = Debug|Any CPU
		Release|Any CPU = Release|Any CPU
	EndGlobalSection
	GlobalSection(ProjectConfigurationPlatforms) = postSolution
		{C859A4C5-D965-448D-958A-6DF4589DD799}.Debug|Any CPU.ActiveCfg = Debug|Any CPU
		{C859A4C5-D965-448D-958A-6DF4589DD799}.Debug|Any CPU.Build.0 = Debug|Any CPU
		{C859A4C5-D965-448D-958A-6DF4589DD799}.Release|Any CPU.ActiveCfg = Release|Any CPU
		{C859A4C5-D965-448D-958A-6DF4589DD799}.Release|Any CPU.Build.0 = Release|Any CPU
		{0F0FD715-97AB-4550-BA53-3D0B8DF4A96D}.Debug|Any CPU.ActiveCfg = Debug|Any CPU
		{0F0FD715-97AB-4550-BA53-3D0B8DF4A96D}.Debug|Any CPU.Build.0 = Debug|Any CPU
		{0F0FD715-97AB-4550-BA53-3D0B8DF4A96D}.Release|Any CPU.ActiveCfg = Release|Any CPU
		{0F0FD715-97AB-4550-BA53-3D0B8DF4A96D}.Release|Any CPU.Build.0 = Release|Any CPU
	EndGlobalSection
EndGlobal
